
Microsoft Visual Studio Solution File, Format Version 12.00
# Visual Studio Version 17
VisualStudioVersion = 17.7.34221.43
MinimumVisualStudioVersion = 10.0.40219.1
Project("{FAE04EC0-301F-11D3-BF4B-00C04F79EFBC}") = "Tfl.JourneyPlanner.Tests", "Tfl.JourneyPlanner.Tests\Tfl.JourneyPlanner.Tests.csproj", "{068CFCEC-4260-4185-BDCF-31BC63185C0F}"
EndProject
Global
	GlobalSection(SolutionConfigurationPlatforms) = preSolution
		Debug|Any CPU = Debug|Any CPU
		Release|Any CPU = Release|Any CPU
	EndGlobalSection
	GlobalSection(ProjectConfigurationPlatforms) = postSolution
		{068CFCEC-4260-4185-BDCF-31BC63185C0F}.Debug|Any CPU.ActiveCfg = Debug|Any CPU
		{068CFCEC-4260-4185-BDCF-31BC63185C0F}.Debug|Any CPU.Build.0 = Debug|Any CPU
		{068CFCEC-4260-4185-BDCF-31BC63185C0F}.Release|Any CPU.ActiveCfg = Release|Any CPU
		{068CFCEC-4260-4185-BDCF-31BC63185C0F}.Release|Any CPU.Build.0 = Release|Any CPU
	EndGlobalSection
	GlobalSection(SolutionProperties) = preSolution
		HideSolutionNode = FALSE
	EndGlobalSection
	GlobalSection(ExtensibilityGlobals) = postSolution
		SolutionGuid = {455BA088-BCBE-4EB5-899A-4F531D6A71EE}
	EndGlobalSection
EndGlobal
